
Microsoft Visual Studio Solution File, Format Version 12.00
# Visual Studio Version 17
VisualStudioVersion = 17.3.32929.385
MinimumVisualStudioVersion = 10.0.40219.1
Project("{FAE04EC0-301F-11D3-BF4B-00C04F79EFBC}") = "grfhgfhg", "grfhgfhg\grfhgfhg.csproj", "{8193B50F-F448-4BA8-9863-A2E82B082E0F}"
EndProject
Global
	GlobalSection(SolutionConfigurationPlatforms) = preSolution
		Debug|Any CPU = Debug|Any CPU
		Release|Any CPU = Release|Any CPU
	EndGlobalSection
	GlobalSection(ProjectConfigurationPlatforms) = postSolution
		{8193B50F-F448-4BA8-9863-A2E82B082E0F}.Debug|Any CPU.ActiveCfg = Debug|Any CPU
		{8193B50F-F448-4BA8-9863-A2E82B082E0F}.Debug|Any CPU.Build.0 = Debug|Any CPU
		{8193B50F-F448-4BA8-9863-A2E82B082E0F}.Release|Any CPU.ActiveCfg = Release|Any CPU
		{8193B50F-F448-4BA8-9863-A2E82B082E0F}.Release|Any CPU.Build.0 = Release|Any CPU
	EndGlobalSection
	GlobalSection(SolutionProperties) = preSolution
		HideSolutionNode = FALSE
	EndGlobalSection
	GlobalSection(ExtensibilityGlobals) = postSolution
		SolutionGuid = {7C1F98A5-7EF6-4943-B5AB-C2F50E16F597}
	EndGlobalSection
EndGlobal
